
Microsoft Visual Studio Solution File, Format Version 12.00
# Visual Studio Version 17
VisualStudioVersion = 17.4.33403.182
MinimumVisualStudioVersion = 10.0.40219.1
Project("{FAE04EC0-301F-11D3-BF4B-00C04F79EFBC}") = "Line_comparisons", "Line_comparisons.csproj", "{0CA49712-D181-4A88-98F6-7F226D0A83E3}"
EndProject
Global
	GlobalSection(SolutionConfigurationPlatforms) = preSolution
		Debug|Any CPU = Debug|Any CPU
		Release|Any CPU = Release|Any CPU
	EndGlobalSection
	GlobalSection(ProjectConfigurationPlatforms) = postSolution
		{0CA49712-D181-4A88-98F6-7F226D0A83E3}.Debug|Any CPU.ActiveCfg = Debug|Any CPU
		{0CA49712-D181-4A88-98F6-7F226D0A83E3}.Debug|Any CPU.Build.0 = Debug|Any CPU
		{0CA49712-D181-4A88-98F6-7F226D0A83E3}.Release|Any CPU.ActiveCfg = Release|Any CPU
		{0CA49712-D181-4A88-98F6-7F226D0A83E3}.Release|Any CPU.Build.0 = Release|Any CPU
	EndGlobalSection
	GlobalSection(SolutionProperties) = preSolution
		HideSolutionNode = FALSE
	EndGlobalSection
	GlobalSection(ExtensibilityGlobals) = postSolution
		SolutionGuid = {2316B953-7FB0-4C9B-BE1A-6332F44A21AE}
	EndGlobalSection
EndGlobal
